// !$*UTF8*$!
{
	archiveVersion = 1;
	classes = {
	};
	objectVersion = 46;
	objects = {

/* Begin PBXBuildFile section */
		95F8EB9D1D8229BB003D6B5E /* AppDelegate.swift in Sources */ = {isa = PBXBuildFile; fileRef = 95F8EB9C1D8229BB003D6B5E /* AppDelegate.swift */; };
		95F8EB9F1D8229BB003D6B5E /* GameScene.sks in Resources */ = {isa = PBXBuildFile; fileRef = 95F8EB9E1D8229BB003D6B5E /* GameScene.sks */; };
		95F8EBA11D8229BB003D6B5E /* GameScene.swift in Sources */ = {isa = PBXBuildFile; fileRef = 95F8EBA01D8229BB003D6B5E /* GameScene.swift */; };
		95F8EBA31D8229BB003D6B5E /* GameViewController.swift in Sources */ = {isa = PBXBuildFile; fileRef = 95F8EBA21D8229BB003D6B5E /* GameViewController.swift */; };
		95F8EBA61D8229BB003D6B5E /* Main.storyboard in Resources */ = {isa = PBXBuildFile; fileRef = 95F8EBA41D8229BB003D6B5E /* Main.storyboard */; };
		95F8EBA81D8229BB003D6B5E /* Assets.xcassets in Resources */ = {isa = PBXBuildFile; fileRef = 95F8EBA71D8229BB003D6B5E /* Assets.xcassets */; };
		95F8EBAB1D8229BB003D6B5E /* LaunchScreen.storyboard in Resources */ = {isa = PBXBuildFile; fileRef = 95F8EBA91D8229BB003D6B5E /* LaunchScreen.storyboard */; };
/* End PBXBuildFile section */

/* Begin PBXFileReference section */
		95F8EB991D8229BB003D6B5E /* Project26.app */ = {isa = PBXFileReference; explicitFileType = wrapper.application; includeInIndex = 0; path = Project26.app; sourceTree = BUILT_PRODUCTS_DIR; };
		95F8EB9C1D8229BB003D6B5E /* AppDelegate.swift */ = {isa = PBXFileReference; lastKnownFileType = sourcecode.swift; path = AppDelegate.swift; sourceTree = "<group>"; };
		95F8EB9E1D8229BB003D6B5E /* GameScene.sks */ = {isa = PBXFileReference; lastKnownFileType = file.sks; path = GameScene.sks; sourceTree = "<group>"; };
		95F8EBA01D8229BB003D6B5E /* GameScene.swift */ = {isa = PBXFileReference; lastKnownFileType = sourcecode.swift; path = GameScene.swift; sourceTree = "<group>"; };
		95F8EBA21D8229BB003D6B5E /* GameViewController.swift */ = {isa = PBXFileReference; lastKnownFileType = sourcecode.swift; path = GameViewController.swift; sourceTree = "<group>"; };
		95F8EBA51D8229BB003D6B5E /* Base */ = {isa = PBXFileReference; lastKnownFileType = file.storyboard; name = Base; path = Base.lproj/Main.storyboard; sourceTree = "<group>"; };
		95F8EBA71D8229BB003D6B5E /* Assets.xcassets */ = {isa = PBXFileReference; lastKnownFileType = folder.assetcatalog; path = Assets.xcassets; sourceTree = "<group>"; };
		95F8EBAA1D8229BB003D6B5E /* Base */ = {isa = PBXFileReference; lastKnownFileType = file.storyboard; name = Base; path = Base.lproj/LaunchScreen.storyboard; sourceTree = "<group>"; };
		95F8EBAC1D8229BB003D6B5E /* Info.plist */ = {isa = PBXFileReference; lastKnownFileType = text.plist.xml; path = Info.plist; sourceTree = "<group>"; };
/* End PBXFileReference section */

/* Begin PBXFrameworksBuildPhase section */
		95F8EB961D8229BA003D6B5E /* Frameworks */ = {
			isa = PBXFrameworksBuildPhase;
			buildActionMask = 2147483647;
			files = (
			);
			runOnlyForDeploymentPostprocessing = 0;
		};
/* End PBXFrameworksBuildPhase section */

/* Begin PBXGroup section */
		95F8EB901D8229BA003D6B5E = {
			isa = PBXGroup;
			children = (
				95F8EB9B1D8229BB003D6B5E /* Project26 */,
				95F8EB9A1D8229BB003D6B5E /* Products */,
			);
			sourceTree = "<group>";
		};
		95F8EB9A1D8229BB003D6B5E /* Products */ = {
			isa = PBXGroup;
			children = (
				95F8EB991D8229BB003D6B5E /* Project26.app */,
			);
			name = Products;
			sourceTree = "<group>";
		};
		95F8EB9B1D8229BB003D6B5E /* Project26 */ = {
			isa = PBXGroup;
			children = (
				95F8EB9C1D8229BB003D6B5E /* AppDelegate.swift */,
				95F8EB9E1D8229BB003D6B5E /* GameScene.sks */,
				95F8EBA01D8229BB003D6B5E /* GameScene.swift */,
				95F8EBA21D8229BB003D6B5E /* GameViewController.swift */,
				95F8EBA41D8229BB003D6B5E /* Main.storyboard */,
				95F8EBA71D8229BB003D6B5E /* Assets.xcassets */,
				95F8EBA91D8229BB003D6B5E /* LaunchScreen.storyboard */,
				95F8EBAC1D8229BB003D6B5E /* Info.plist */,
			);
			path = Project26;
			sourceTree = "<group>";
		};
/* End PBXGroup section */

/* Begin PBXNativeTarget section */
		95F8EB981D8229BA003D6B5E /* Project26 */ = {
			isa = PBXNativeTarget;
			buildConfigurationList = 95F8EBAF1D8229BB003D6B5E /* Build configuration list for PBXNativeTarget "Project26" */;
			buildPhases = (
				95F8EB951D8229BA003D6B5E /* Sources */,
				95F8EB961D8229BA003D6B5E /* Frameworks */,
				95F8EB971D8229BA003D6B5E /* Resources */,
			);
			buildRules = (
			);
			dependencies = (
			);
			name = Project26;
			productName = Project26;
			productReference = 95F8EB991D8229BB003D6B5E /* Project26.app */;
			productType = "com.apple.product-type.application";
		};
/* End PBXNativeTarget section */

/* Begin PBXProject section */
		95F8EB911D8229BA003D6B5E /* Project object */ = {
			isa = PBXProject;
			attributes = {
				LastSwiftUpdateCheck = 0730;
				LastUpgradeCheck = 0730;
				ORGANIZATIONNAME = "Jeffrey Eng";
				TargetAttributes = {
					95F8EB981D8229BA003D6B5E = {
						CreatedOnToolsVersion = 7.3.1;
					};
				};
			};
			buildConfigurationList = 95F8EB941D8229BA003D6B5E /* Build configuration list for PBXProject "Project26" */;
			compatibilityVersion = "Xcode 3.2";
			developmentRegion = English;
			hasScannedForEncodings = 0;
			knownRegions = (
				en,
				Base,
			);
			mainGroup = 95F8EB901D8229BA003D6B5E;
			productRefGroup = 95F8EB9A1D8229BB003D6B5E /* Products */;
			projectDirPath = "";
			projectRoot = "";
			targets = (
				95F8EB981D8229BA003D6B5E /* Project26 */,
			);
		};
/* End PBXProject section */

/* Begin PBXResourcesBuildPhase section */
		95F8EB971D8229BA003D6B5E /* Resources */ = {
			isa = PBXResourcesBuildPhase;
			buildActionMask = 2147483647;
			files = (
				95F8EB9F1D8229BB003D6B5E /* GameScene.sks in Resources */,
				95F8EBAB1D8229BB003D6B5E /* LaunchScreen.storyboard in Resources */,
				95F8EBA81D8229BB003D6B5E /* Assets.xcassets in Resources */,
				95F8EBA61D8229BB003D6B5E /* Main.storyboard in Resources */,
			);
			runOnlyForDeploymentPostprocessing = 0;
		};
/* End PBXResourcesBuildPhase section */

/* Begin PBXSourcesBuildPhase section */
		95F8EB951D8229BA003D6B5E /* Sources */ = {
			isa = PBXSourcesBuildPhase;
			buildActionMask = 2147483647;
			files = (
				95F8EBA11D8229BB003D6B5E /* GameScene.swift in Sources */,
				95F8EBA31D8229BB003D6B5E /* GameViewController.swift in Sources */,
				95F8EB9D1D8229BB003D6B5E /* AppDelegate.swift in Sources */,
			);
			runOnlyForDeploymentPostprocessing = 0;
		};
/* End PBXSourcesBuildPhase section */

/* Begin PBXVariantGroup section */
		95F8EBA41D8229BB003D6B5E /* Main.storyboard */ = {
			isa = PBXVariantGroup;
			children = (
				95F8EBA51D8229BB003D6B5E /* Base */,
			);
			name = Main.storyboard;
			sourceTree = "<group>";
		};
		95F8EBA91D8229BB003D6B5E /* LaunchScreen.storyboard */ = {
			isa = PBXVariantGroup;
			children = (
				95F8EBAA1D8229BB003D6B5E /* Base */,
			);
			name = LaunchScreen.storyboard;
			sourceTree = "<group>";
		};
/* End PBXVariantGroup section */

/* Begin XCBuildConfiguration section */
		95F8EBAD1D8229BB003D6B5E /* Debug */ = {
			isa = XCBuildConfiguration;
			buildSettings = {
				ALWAYS_SEARCH_USER_PATHS = NO;
				CLANG_ANALYZER_NONNULL = YES;
				CLANG_CXX_LANGUAGE_STANDARD = "gnu++0x";
				CLANG_CXX_LIBRARY = "libc++";
				CLANG_ENABLE_MODULES = YES;
				CLANG_ENABLE_OBJC_ARC = YES;
				CLANG_WARN_BOOL_CONVERSION = YES;
				CLANG_WARN_CONSTANT_CONVERSION = YES;
				CLANG_WARN_DIRECT_OBJC_ISA_USAGE = YES_ERROR;
				CLANG_WARN_EMPTY_BODY = YES;
				CLANG_WARN_ENUM_CONVERSION = YES;
				CLANG_WARN_INT_CONVERSION = YES;
				CLANG_WARN_OBJC_ROOT_CLASS = YES_ERROR;
				CLANG_WARN_UNREACHABLE_CODE = YES;
				CLANG_WARN__DUPLICATE_METHOD_MATCH = YES;
				"CODE_SIGN_IDENTITY[sdk=iphoneos*]" = "iPhone Developer";
				COPY_PHASE_STRIP = NO;
				DEBUG_INFORMATION_FORMAT = "dwarf-with-dsym";
				ENABLE_STRICT_OBJC_MSGSEND = YES;
				ENABLE_TESTABILITY = YES;
				GCC_C_LANGUAGE_STANDARD = gnu99;
				GCC_DYNAMIC_NO_PIC = NO;
				GCC_NO_COMMON_BLOCKS = YES;
				GCC_OPTIMIZATION_LEVEL = 0;
				GCC_PREPROCESSOR_DEFINITIONS = (
					"DEBUG=1",
					"$(inherited)",
				);
				GCC_WARN_64_TO_32_BIT_CONVERSION = YES;
				GCC_WARN_ABOUT_RETURN_TYPE = YES_ERROR;
				GCC_WARN_UNDECLARED_SELECTOR = YES;
				GCC_WARN_UNINITIALIZED_AUTOS = YES_AGGRESSIVE;
				GCC_WARN_UNUSED_FUNCTION = YES;
				GCC_WARN_UNUSED_VARIABLE = YES;
				IPHONEOS_DEPLOYMENT_TARGET = 9.3;
				MTL_ENABLE_DEBUG_INFO = YES;
				ONLY_ACTIVE_ARCH = YES;
				SDKROOT = iphoneos;
				SWIFT_OPTIMIZATION_LEVEL = "-Onone";
				TARGETED_DEVICE_FAMILY = 2;
			};
			name = Debug;
		};
		95F8EBAE1D8229BB003D6B5E /* Release */ = {
			isa = XCBuildConfiguration;
			buildSettings = {
				ALWAYS_SEARCH_USER_PATHS = NO;
				CLANG_ANALYZER_NONNULL = YES;
				CLANG_CXX_LANGUAGE_STANDARD = "gnu++0x";
				CLANG_CXX_LIBRARY = "libc++";
				CLANG_ENABLE_MODULES = YES;
				CLANG_ENABLE_OBJC_ARC = YES;
				CLANG_WARN_BOOL_CONVERSION = YES;
				CLANG_WARN_CONSTANT_CONVERSION = YES;
				CLANG_WARN_DIRECT_OBJC_ISA_USAGE = YES_ERROR;
				CLANG_WARN_EMPTY_BODY = YES;
				CLANG_WARN_ENUM_CONVERSION = YES;
				CLANG_WARN_INT_CONVERSION = YES;
				CLANG_WARN_OBJC_ROOT_CLASS = YES_ERROR;
				CLANG_WARN_UNREACHABLE_CODE = YES;
				CLANG_WARN__DUPLICATE_METHOD_MATCH = YES;
				"CODE_SIGN_IDENTITY[sdk=iphoneos*]" = "iPhone Developer";
				COPY_PHASE_STRIP = NO;
				DEBUG_INFORMATION_FORMAT = "dwarf-with-dsym";
				ENABLE_NS_ASSERTIONS = NO;
				ENABLE_STRICT_OBJC_MSGSEND = YES;
				GCC_C_LANGUAGE_STANDARD = gnu99;
				GCC_NO_COMMON_BLOCKS = YES;
				GCC_WARN_64_TO_32_BIT_CONVERSION = YES;
				GCC_WARN_ABOUT_RETURN_TYPE = YES_ERROR;
				GCC_WARN_UNDECLARED_SELECTOR = YES;
				GCC_WARN_UNINITIALIZED_AUTOS = YES_AGGRESSIVE;
				GCC_WARN_UNUSED_FUNCTION = YES;
				GCC_WARN_UNUSED_VARIABLE = YES;
				IPHONEOS_DEPLOYMENT_TARGET = 9.3;
				MTL_ENABLE_DEBUG_INFO = NO;
				SDKROOT = iphoneos;
				TARGETED_DEVICE_FAMILY = 2;
				VALIDATE_PRODUCT = YES;
			};
			name = Release;
		};
		95F8EBB01D8229BB003D6B5E /* Debug */ = {
			isa = XCBuildConfiguration;
			buildSettings = {
				ASSETCATALOG_COMPILER_APPICON_NAME = AppIcon;
				INFOPLIST_FILE = Project26/Info.plist;
				LD_RUNPATH_SEARCH_PATHS = "$(inherited) @executable_path/Frameworks";
				PRODUCT_BUNDLE_IDENTIFIER = com.jeffeng.Project26;
				PRODUCT_NAME = "$(TARGET_NAME)";
			};
			name = Debug;
		};
		95F8EBB11D8229BB003D6B5E /* Release */ = {
			isa = XCBuildConfiguration;
			buildSettings = {
				ASSETCATALOG_COMPILER_APPICON_NAME = AppIcon;
				INFOPLIST_FILE = Project26/Info.plist;
				LD_RUNPATH_SEARCH_PATHS = "$(inherited) @executable_path/Frameworks";
				PRODUCT_BUNDLE_IDENTIFIER = com.jeffeng.Project26;
				PRODUCT_NAME = "$(TARGET_NAME)";
			};
			name = Release;
		};
/* End XCBuildConfiguration section */

/* Begin XCConfigurationList section */
		95F8EB941D8229BA003D6B5E /* Build configuration list for PBXProject "Project26" */ = {
			isa = XCConfigurationList;
			buildConfigurations = (
				95F8EBAD1D8229BB003D6B5E /* Debug */,
				95F8EBAE1D8229BB003D6B5E /* Release */,
			);
			defaultConfigurationIsVisible = 0;
			defaultConfigurationName = Release;
		};
		95F8EBAF1D8229BB003D6B5E /* Build configuration list for PBXNativeTarget "Project26" */ = {
			isa = XCConfigurationList;
			buildConfigurations = (
				95F8EBB01D8229BB003D6B5E /* Debug */,
				95F8EBB11D8229BB003D6B5E /* Release */,
			);
			defaultConfigurationIsVisible = 0;
		};
/* End XCConfigurationList section */
	};
	rootObject = 95F8EB911D8229BA003D6B5E /* Project object */;
}
